
Microsoft Visual Studio Solution File, Format Version 12.00
# Visual Studio 15
VisualStudioVersion = 15.0.27130.2010
MinimumVisualStudioVersion = 10.0.40219.1
Project("{FAE04EC0-301F-11D3-BF4B-00C04F79EFBC}") = "AddressBook", "AddressBook\AddressBook.csproj", "{4A1D8E22-3855-4385-9CC4-5801B990EF18}"
EndProject
Global
	GlobalSection(SolutionConfigurationPlatforms) = preSolution
		Debug|Any CPU = Debug|Any CPU
		Release|Any CPU = Release|Any CPU
	EndGlobalSection
	GlobalSection(ProjectConfigurationPlatforms) = postSolution
		{4A1D8E22-3855-4385-9CC4-5801B990EF18}.Debug|Any CPU.ActiveCfg = Debug|Any CPU
		{4A1D8E22-3855-4385-9CC4-5801B990EF18}.Debug|Any CPU.Build.0 = Debug|Any CPU
		{4A1D8E22-3855-4385-9CC4-5801B990EF18}.Release|Any CPU.ActiveCfg = Release|Any CPU
		{4A1D8E22-3855-4385-9CC4-5801B990EF18}.Release|Any CPU.Build.0 = Release|Any CPU
	EndGlobalSection
	GlobalSection(SolutionProperties) = preSolution
		HideSolutionNode = FALSE
	EndGlobalSection
	GlobalSection(ExtensibilityGlobals) = postSolution
		SolutionGuid = {E56812C7-A0A0-4709-8A1F-397D08853F73}
	EndGlobalSection
EndGlobal
